// !$*UTF8*$!
{
	archiveVersion = 1;
	classes = {
	};
	objectVersion = 77;
	objects = {

/* Begin PBXBuildFile section */
		7A1B1BC42F4003BB0007854C /* README.md in Sources */ = {isa = PBXBuildFile; fileRef = 7A1B1BC32F4003B70007854C /* README.md */; };
/* End PBXBuildFile section */

/* Begin PBXContainerItemProxy section */
		7ACDF0682F3EAC55002C2968 /* PBXContainerItemProxy */ = {
			isa = PBXContainerItemProxy;
			containerPortal = 7ACDF04D2F3EAC54002C2968 /* Project object */;
			proxyType = 1;
			remoteGlobalIDString = 7ACDF0542F3EAC54002C2968;
			remoteInfo = GithubProfiles;
		};
		7ACDF0722F3EAC55002C2968 /* PBXContainerItemProxy */ = {
			isa = PBXContainerItemProxy;
			containerPortal = 7ACDF04D2F3EAC54002C2968 /* Project object */;
			proxyType = 1;
			remoteGlobalIDString = 7ACDF0542F3EAC54002C2968;
			remoteInfo = GithubProfiles;
		};
/* End PBXContainerItemProxy section */

/* Begin PBXFileReference section */
		7A1B1BC32F4003B70007854C /* README.md */ = {isa = PBXFileReference; lastKnownFileType = sourcecode.swift; path = README.md; sourceTree = "<group>"; };
		7ACDF0552F3EAC54002C2968 /* GithubProfiles.app */ = {isa = PBXFileReference; explicitFileType = wrapper.application; includeInIndex = 0; path = GithubProfiles.app; sourceTree = BUILT_PRODUCTS_DIR; };
		7ACDF0672F3EAC55002C2968 /* GithubProfilesTests.xctest */ = {isa = PBXFileReference; explicitFileType = wrapper.cfbundle; includeInIndex = 0; path = GithubProfilesTests.xctest; sourceTree = BUILT_PRODUCTS_DIR; };
		7ACDF0712F3EAC55002C2968 /* GithubProfilesUITests.xctest */ = {isa = PBXFileReference; explicitFileType = wrapper.cfbundle; includeInIndex = 0; path = GithubProfilesUITests.xctest; sourceTree = BUILT_PRODUCTS_DIR; };
/* End PBXFileReference section */

/* Begin PBXFileSystemSynchronizedRootGroup section */
		7A1B1BC62F4003ED0007854C /* Screenshots */ = {
			isa = PBXFileSystemSynchronizedRootGroup;
			path = Screenshots;
			sourceTree = "<group>";
		};
		7ACDF0572F3EAC54002C2968 /* GithubProfiles */ = {
			isa = PBXFileSystemSynchronizedRootGroup;
			path = GithubProfiles;
			sourceTree = "<group>";
		};
		7ACDF06A2F3EAC55002C2968 /* GithubProfilesTests */ = {
			isa = PBXFileSystemSynchronizedRootGroup;
			path = GithubProfilesTests;
			sourceTree = "<group>";
		};
		7ACDF0742F3EAC55002C2968 /* GithubProfilesUITests */ = {
			isa = PBXFileSystemSynchronizedRootGroup;
			path = GithubProfilesUITests;
			sourceTree = "<group>";
		};
/* End PBXFileSystemSynchronizedRootGroup section */

/* Begin PBXFrameworksBuildPhase section */
		7ACDF0522F3EAC54002C2968 /* Frameworks */ = {
			isa = PBXFrameworksBuildPhase;
			buildActionMask = 2147483647;
			files = (
			);
			runOnlyForDeploymentPostprocessing = 0;
		};
		7ACDF0642F3EAC55002C2968 /* Frameworks */ = {
			isa = PBXFrameworksBuildPhase;
			buildActionMask = 2147483647;
			files = (
			);
			runOnlyForDeploymentPostprocessing = 0;
		};
		7ACDF06E2F3EAC55002C2968 /* Frameworks */ = {
			isa = PBXFrameworksBuildPhase;
			buildActionMask = 2147483647;
			files = (
			);
			runOnlyForDeploymentPostprocessing = 0;
		};
/* End PBXFrameworksBuildPhase section */

/* Begin PBXGroup section */
		7ACDF04C2F3EAC54002C2968 = {
			isa = PBXGroup;
			children = (
				7A1B1BC62F4003ED0007854C /* Screenshots */,
				7A1B1BC32F4003B70007854C /* README.md */,
				7ACDF0572F3EAC54002C2968 /* GithubProfiles */,
				7ACDF06A2F3EAC55002C2968 /* GithubProfilesTests */,
				7ACDF0742F3EAC55002C2968 /* GithubProfilesUITests */,
				7ACDF0562F3EAC54002C2968 /* Products */,
			);
			sourceTree = "<group>";
		};
		7ACDF0562F3EAC54002C2968 /* Products */ = {
			isa = PBXGroup;
			children = (
				7ACDF0552F3EAC54002C2968 /* GithubProfiles.app */,
				7ACDF0672F3EAC55002C2968 /* GithubProfilesTests.xctest */,
				7ACDF0712F3EAC55002C2968 /* GithubProfilesUITests.xctest */,
			);
			name = Products;
			sourceTree = "<group>";
		};
/* End PBXGroup section */

/* Begin PBXNativeTarget section */
		7ACDF0542F3EAC54002C2968 /* GithubProfiles */ = {
			isa = PBXNativeTarget;
			buildConfigurationList = 7ACDF07B2F3EAC55002C2968 /* Build configuration list for PBXNativeTarget "GithubProfiles" */;
			buildPhases = (
				7ACDF0512F3EAC54002C2968 /* Sources */,
				7ACDF0522F3EAC54002C2968 /* Frameworks */,
				7ACDF0532F3EAC54002C2968 /* Resources */,
			);
			buildRules = (
			);
			dependencies = (
			);
			fileSystemSynchronizedGroups = (
				7A1B1BC62F4003ED0007854C /* Screenshots */,
				7ACDF0572F3EAC54002C2968 /* GithubProfiles */,
			);
			name = GithubProfiles;
			packageProductDependencies = (
			);
			productName = GithubProfiles;
			productReference = 7ACDF0552F3EAC54002C2968 /* GithubProfiles.app */;
			productType = "com.apple.product-type.application";
		};
		7ACDF0662F3EAC55002C2968 /* GithubProfilesTests */ = {
			isa = PBXNativeTarget;
			buildConfigurationList = 7ACDF07E2F3EAC55002C2968 /* Build configuration list for PBXNativeTarget "GithubProfilesTests" */;
			buildPhases = (
				7ACDF0632F3EAC55002C2968 /* Sources */,
				7ACDF0642F3EAC55002C2968 /* Frameworks */,
				7ACDF0652F3EAC55002C2968 /* Resources */,
			);
			buildRules = (
			);
			dependencies = (
				7ACDF0692F3EAC55002C2968 /* PBXTargetDependency */,
			);
			fileSystemSynchronizedGroups = (
				7ACDF06A2F3EAC55002C2968 /* GithubProfilesTests */,
			);
			name = GithubProfilesTests;
			packageProductDependencies = (
			);
			productName = GithubProfilesTests;
			productReference = 7ACDF0672F3EAC55002C2968 /* GithubProfilesTests.xctest */;
			productType = "com.apple.product-type.bundle.unit-test";
		};
		7ACDF0702F3EAC55002C2968 /* GithubProfilesUITests */ = {
			isa = PBXNativeTarget;
			buildConfigurationList = 7ACDF0812F3EAC55002C2968 /* Build configuration list for PBXNativeTarget "GithubProfilesUITests" */;
			buildPhases = (
				7ACDF06D2F3EAC55002C2968 /* Sources */,
				7ACDF06E2F3EAC55002C2968 /* Frameworks */,
				7ACDF06F2F3EAC55002C2968 /* Resources */,
			);
			buildRules = (
			);
			dependencies = (
				7ACDF0732F3EAC55002C2968 /* PBXTargetDependency */,
			);
			fileSystemSynchronizedGroups = (
				7ACDF0742F3EAC55002C2968 /* GithubProfilesUITests */,
			);
			name = GithubProfilesUITests;
			packageProductDependencies = (
			);
			productName = GithubProfilesUITests;
			productReference = 7ACDF0712F3EAC55002C2968 /* GithubProfilesUITests.xctest */;
			productType = "com.apple.product-type.bundle.ui-testing";
		};
/* End PBXNativeTarget section */

/* Begin PBXProject section */
		7ACDF04D2F3EAC54002C2968 /* Project object */ = {
			isa = PBXProject;
			attributes = {
				BuildIndependentTargetsInParallel = 1;
				LastSwiftUpdateCheck = 2620;
				LastUpgradeCheck = 2620;
				TargetAttributes = {
					7ACDF0542F3EAC54002C2968 = {
						CreatedOnToolsVersion = 26.2;
					};
					7ACDF0662F3EAC55002C2968 = {
						CreatedOnToolsVersion = 26.2;
						TestTargetID = 7ACDF0542F3EAC54002C2968;
					};
					7ACDF0702F3EAC55002C2968 = {
						CreatedOnToolsVersion = 26.2;
						TestTargetID = 7ACDF0542F3EAC54002C2968;
					};
				};
			};
			buildConfigurationList = 7ACDF0502F3EAC54002C2968 /* Build configuration list for PBXProject "GithubProfiles" */;
			developmentRegion = en;
			hasScannedForEncodings = 0;
			knownRegions = (
				en,
				Base,
			);
			mainGroup = 7ACDF04C2F3EAC54002C2968;
			minimizedProjectReferenceProxies = 1;
			preferredProjectObjectVersion = 77;
			productRefGroup = 7ACDF0562F3EAC54002C2968 /* Products */;
			projectDirPath = "";
			projectRoot = "";
			targets = (
				7ACDF0542F3EAC54002C2968 /* GithubProfiles */,
				7ACDF0662F3EAC55002C2968 /* GithubProfilesTests */,
				7ACDF0702F3EAC55002C2968 /* GithubProfilesUITests */,
			);
		};
/* End PBXProject section */

/* Begin PBXResourcesBuildPhase section */
		7ACDF0532F3EAC54002C2968 /* Resources */ = {
			isa = PBXResourcesBuildPhase;
			buildActionMask = 2147483647;
			files = (
			);
			runOnlyForDeploymentPostprocessing = 0;
		};
		7ACDF0652F3EAC55002C2968 /* Resources */ = {
			isa = PBXResourcesBuildPhase;
			buildActionMask = 2147483647;
			files = (
			);
			runOnlyForDeploymentPostprocessing = 0;
		};
		7ACDF06F2F3EAC55002C2968 /* Resources */ = {
			isa = PBXResourcesBuildPhase;
			buildActionMask = 2147483647;
			files = (
			);
			runOnlyForDeploymentPostprocessing = 0;
		};
/* End PBXResourcesBuildPhase section */

/* Begin PBXSourcesBuildPhase section */
		7ACDF0512F3EAC54002C2968 /* Sources */ = {
			isa = PBXSourcesBuildPhase;
			buildActionMask = 2147483647;
			files = (
				7A1B1BC42F4003BB0007854C /* README.md in Sources */,
			);
			runOnlyForDeploymentPostprocessing = 0;
		};
		7ACDF0632F3EAC55002C2968 /* Sources */ = {
			isa = PBXSourcesBuildPhase;
			buildActionMask = 2147483647;
			files = (
			);
			runOnlyForDeploymentPostprocessing = 0;
		};
		7ACDF06D2F3EAC55002C2968 /* Sources */ = {
			isa = PBXSourcesBuildPhase;
			buildActionMask = 2147483647;
			files = (
			);
			runOnlyForDeploymentPostprocessing = 0;
		};
/* End PBXSourcesBuildPhase section */

/* Begin PBXTargetDependency section */
		7ACDF0692F3EAC55002C2968 /* PBXTargetDependency */ = {
			isa = PBXTargetDependency;
			target = 7ACDF0542F3EAC54002C2968 /* GithubProfiles */;
			targetProxy = 7ACDF0682F3EAC55002C2968 /* PBXContainerItemProxy */;
		};
		7ACDF0732F3EAC55002C2968 /* PBXTargetDependency */ = {
			isa = PBXTargetDependency;
			target = 7ACDF0542F3EAC54002C2968 /* GithubProfiles */;
			targetProxy = 7ACDF0722F3EAC55002C2968 /* PBXContainerItemProxy */;
		};
/* End PBXTargetDependency section */

/* Begin XCBuildConfiguration section */
		7ACDF0792F3EAC55002C2968 /* Debug */ = {
			isa = XCBuildConfiguration;
			buildSettings = {
				ALWAYS_SEARCH_USER_PATHS = NO;
				ASSETCATALOG_COMPILER_GENERATE_SWIFT_ASSET_SYMBOL_EXTENSIONS = YES;
				CLANG_ANALYZER_NONNULL = YES;
				CLANG_ANALYZER_NUMBER_OBJECT_CONVERSION = YES_AGGRESSIVE;
				CLANG_CXX_LANGUAGE_STANDARD = "gnu++20";
				CLANG_ENABLE_MODULES = YES;
				CLANG_ENABLE_OBJC_ARC = YES;
				CLANG_ENABLE_OBJC_WEAK = YES;
				CLANG_WARN_BLOCK_CAPTURE_AUTORELEASING = YES;
				CLANG_WARN_BOOL_CONVERSION = YES;
				CLANG_WARN_COMMA = YES;
				CLANG_WARN_CONSTANT_CONVERSION = YES;
				CLANG_WARN_DEPRECATED_OBJC_IMPLEMENTATIONS = YES;
				CLANG_WARN_DIRECT_OBJC_ISA_USAGE = YES_ERROR;
				CLANG_WARN_DOCUMENTATION_COMMENTS = YES;
				CLANG_WARN_EMPTY_BODY = YES;
				CLANG_WARN_ENUM_CONVERSION = YES;
				CLANG_WARN_INFINITE_RECURSION = YES;
				CLANG_WARN_INT_CONVERSION = YES;
				CLANG_WARN_NON_LITERAL_NULL_CONVERSION = YES;
				CLANG_WARN_OBJC_IMPLICIT_RETAIN_SELF = YES;
				CLANG_WARN_OBJC_LITERAL_CONVERSION = YES;
				CLANG_WARN_OBJC_ROOT_CLASS = YES_ERROR;
				CLANG_WARN_QUOTED_INCLUDE_IN_FRAMEWORK_HEADER = YES;
				CLANG_WARN_RANGE_LOOP_ANALYSIS = YES;
				CLANG_WARN_STRICT_PROTOTYPES = YES;
				CLANG_WARN_SUSPICIOUS_MOVE = YES;
				CLANG_WARN_UNGUARDED_AVAILABILITY = YES_AGGRESSIVE;
				CLANG_WARN_UNREACHABLE_CODE = YES;
				CLANG_WARN__DUPLICATE_METHOD_MATCH = YES;
				COPY_PHASE_STRIP = NO;
				DEBUG_INFORMATION_FORMAT = dwarf;
				DEVELOPMENT_TEAM = K3VD97R222;
				ENABLE_STRICT_OBJC_MSGSEND = YES;
				ENABLE_TESTABILITY = YES;
				ENABLE_USER_SCRIPT_SANDBOXING = YES;
				GCC_C_LANGUAGE_STANDARD = gnu17;
				GCC_DYNAMIC_NO_PIC = NO;
				GCC_NO_COMMON_BLOCKS = YES;
				GCC_OPTIMIZATION_LEVEL = 0;
				GCC_PREPROCESSOR_DEFINITIONS = (
					"DEBUG=1",
					"$(inherited)",
				);
				GCC_WARN_64_TO_32_BIT_CONVERSION = YES;
				GCC_WARN_ABOUT_RETURN_TYPE = YES_ERROR;
				GCC_WARN_UNDECLARED_SELECTOR = YES;
				GCC_WARN_UNINITIALIZED_AUTOS = YES_AGGRESSIVE;
				GCC_WARN_UNUSED_FUNCTION = YES;
				GCC_WARN_UNUSED_VARIABLE = YES;
				IPHONEOS_DEPLOYMENT_TARGET = 26.2;
				LOCALIZATION_PREFERS_STRING_CATALOGS = YES;
				MTL_ENABLE_DEBUG_INFO = INCLUDE_SOURCE;
				MTL_FAST_MATH = YES;
				ONLY_ACTIVE_ARCH = YES;
				SDKROOT = iphoneos;
				SWIFT_ACTIVE_COMPILATION_CONDITIONS = "DEBUG $(inherited)";
				SWIFT_OPTIMIZATION_LEVEL = "-Onone";
			};
			name = Debug;
		};
		7ACDF07A2F3EAC55002C2968 /* Release */ = {
			isa = XCBuildConfiguration;
			buildSettings = {
				ALWAYS_SEARCH_USER_PATHS = NO;
				ASSETCATALOG_COMPILER_GENERATE_SWIFT_ASSET_SYMBOL_EXTENSIONS = YES;
				CLANG_ANALYZER_NONNULL = YES;
				CLANG_ANALYZER_NUMBER_OBJECT_CONVERSION = YES_AGGRESSIVE;
				CLANG_CXX_LANGUAGE_STANDARD = "gnu++20";
				CLANG_ENABLE_MODULES = YES;
				CLANG_ENABLE_OBJC_ARC = YES;
				CLANG_ENABLE_OBJC_WEAK = YES;
				CLANG_WARN_BLOCK_CAPTURE_AUTORELEASING = YES;
				CLANG_WARN_BOOL_CONVERSION = YES;
				CLANG_WARN_COMMA = YES;
				CLANG_WARN_CONSTANT_CONVERSION = YES;
				CLANG_WARN_DEPRECATED_OBJC_IMPLEMENTATIONS = YES;
				CLANG_WARN_DIRECT_OBJC_ISA_USAGE = YES_ERROR;
				CLANG_WARN_DOCUMENTATION_COMMENTS = YES;
				CLANG_WARN_EMPTY_BODY = YES;
				CLANG_WARN_ENUM_CONVERSION = YES;
				CLANG_WARN_INFINITE_RECURSION = YES;
				CLANG_WARN_INT_CONVERSION = YES;
				CLANG_WARN_NON_LITERAL_NULL_CONVERSION = YES;
				CLANG_WARN_OBJC_IMPLICIT_RETAIN_SELF = YES;
				CLANG_WARN_OBJC_LITERAL_CONVERSION = YES;
				CLANG_WARN_OBJC_ROOT_CLASS = YES_ERROR;
				CLANG_WARN_QUOTED_INCLUDE_IN_FRAMEWORK_HEADER = YES;
				CLANG_WARN_RANGE_LOOP_ANALYSIS = YES;
				CLANG_WARN_STRICT_PROTOTYPES = YES;
				CLANG_WARN_SUSPICIOUS_MOVE = YES;
				CLANG_WARN_UNGUARDED_AVAILABILITY = YES_AGGRESSIVE;
				CLANG_WARN_UNREACHABLE_CODE = YES;
				CLANG_WARN__DUPLICATE_METHOD_MATCH = YES;
				COPY_PHASE_STRIP = NO;
				DEBUG_INFORMATION_FORMAT = "dwarf-with-dsym";
				DEVELOPMENT_TEAM = K3VD97R222;
				ENABLE_NS_ASSERTIONS = NO;
				ENABLE_STRICT_OBJC_MSGSEND = YES;
				ENABLE_USER_SCRIPT_SANDBOXING = YES;
				GCC_C_LANGUAGE_STANDARD = gnu17;
				GCC_NO_COMMON_BLOCKS = YES;
				GCC_WARN_64_TO_32_BIT_CONVERSION = YES;
				GCC_WARN_ABOUT_RETURN_TYPE = YES_ERROR;
				GCC_WARN_UNDECLARED_SELECTOR = YES;
				GCC_WARN_UNINITIALIZED_AUTOS = YES_AGGRESSIVE;
				GCC_WARN_UNUSED_FUNCTION = YES;
				GCC_WARN_UNUSED_VARIABLE = YES;
				IPHONEOS_DEPLOYMENT_TARGET = 26.2;
				LOCALIZATION_PREFERS_STRING_CATALOGS = YES;
				MTL_ENABLE_DEBUG_INFO = NO;
				MTL_FAST_MATH = YES;
				SDKROOT = iphoneos;
				SWIFT_COMPILATION_MODE = wholemodule;
				VALIDATE_PRODUCT = YES;
			};
			name = Release;
		};
		7ACDF07C2F3EAC55002C2968 /* Debug */ = {
			isa = XCBuildConfiguration;
			buildSettings = {
				ASSETCATALOG_COMPILER_APPICON_NAME = AppIcon;
				ASSETCATALOG_COMPILER_GLOBAL_ACCENT_COLOR_NAME = AccentColor;
				CODE_SIGN_STYLE = Automatic;
				CURRENT_PROJECT_VERSION = 1;
				DEVELOPMENT_TEAM = K3VD97R222;
				ENABLE_PREVIEWS = YES;
				GENERATE_INFOPLIST_FILE = YES;
				INFOPLIST_KEY_UIApplicationSceneManifest_Generation = YES;
				INFOPLIST_KEY_UIApplicationSupportsIndirectInputEvents = YES;
				INFOPLIST_KEY_UILaunchScreen_Generation = YES;
				INFOPLIST_KEY_UISupportedInterfaceOrientations_iPad = "UIInterfaceOrientationPortrait UIInterfaceOrientationPortraitUpsideDown UIInterfaceOrientationLandscapeLeft UIInterfaceOrientationLandscapeRight";
				INFOPLIST_KEY_UISupportedInterfaceOrientations_iPhone = "UIInterfaceOrientationPortrait UIInterfaceOrientationLandscapeLeft UIInterfaceOrientationLandscapeRight";
				LD_RUNPATH_SEARCH_PATHS = (
					"$(inherited)",
					"@executable_path/Frameworks",
				);
				MARKETING_VERSION = 1.0;
				PRODUCT_BUNDLE_IDENTIFIER = dev.otaviomoreira.GithubProfiles;
				PRODUCT_NAME = "$(TARGET_NAME)";
				STRING_CATALOG_GENERATE_SYMBOLS = YES;
				SWIFT_APPROACHABLE_CONCURRENCY = YES;
				SWIFT_DEFAULT_ACTOR_ISOLATION = MainActor;
				SWIFT_EMIT_LOC_STRINGS = YES;
				SWIFT_UPCOMING_FEATURE_MEMBER_IMPORT_VISIBILITY = YES;
				SWIFT_VERSION = 5.0;
				TARGETED_DEVICE_FAMILY = "1,2";
			};
			name = Debug;
		};
		7ACDF07D2F3EAC55002C2968 /* Release */ = {
			isa = XCBuildConfiguration;
			buildSettings = {
				ASSETCATALOG_COMPILER_APPICON_NAME = AppIcon;
				ASSETCATALOG_COMPILER_GLOBAL_ACCENT_COLOR_NAME = AccentColor;
				CODE_SIGN_STYLE = Automatic;
				CURRENT_PROJECT_VERSION = 1;
				DEVELOPMENT_TEAM = K3VD97R222;
				ENABLE_PREVIEWS = YES;
				GENERATE_INFOPLIST_FILE = YES;
				INFOPLIST_KEY_UIApplicationSceneManifest_Generation = YES;
				INFOPLIST_KEY_UIApplicationSupportsIndirectInputEvents = YES;
				INFOPLIST_KEY_UILaunchScreen_Generation = YES;
				INFOPLIST_KEY_UISupportedInterfaceOrientations_iPad = "UIInterfaceOrientationPortrait UIInterfaceOrientationPortraitUpsideDown UIInterfaceOrientationLandscapeLeft UIInterfaceOrientationLandscapeRight";
				INFOPLIST_KEY_UISupportedInterfaceOrientations_iPhone = "UIInterfaceOrientationPortrait UIInterfaceOrientationLandscapeLeft UIInterfaceOrientationLandscapeRight";
				LD_RUNPATH_SEARCH_PATHS = (
					"$(inherited)",
					"@executable_path/Frameworks",
				);
				MARKETING_VERSION = 1.0;
				PRODUCT_BUNDLE_IDENTIFIER = dev.otaviomoreira.GithubProfiles;
				PRODUCT_NAME = "$(TARGET_NAME)";
				STRING_CATALOG_GENERATE_SYMBOLS = YES;
				SWIFT_APPROACHABLE_CONCURRENCY = YES;
				SWIFT_DEFAULT_ACTOR_ISOLATION = MainActor;
				SWIFT_EMIT_LOC_STRINGS = YES;
				SWIFT_UPCOMING_FEATURE_MEMBER_IMPORT_VISIBILITY = YES;
				SWIFT_VERSION = 5.0;
				TARGETED_DEVICE_FAMILY = "1,2";
			};
			name = Release;
		};
		7ACDF07F2F3EAC55002C2968 /* Debug */ = {
			isa = XCBuildConfiguration;
			buildSettings = {
				BUNDLE_LOADER = "$(TEST_HOST)";
				CODE_SIGN_STYLE = Automatic;
				CURRENT_PROJECT_VERSION = 1;
				DEVELOPMENT_TEAM = K3VD97R222;
				GENERATE_INFOPLIST_FILE = YES;
				IPHONEOS_DEPLOYMENT_TARGET = 26.2;
				MARKETING_VERSION = 1.0;
				PRODUCT_BUNDLE_IDENTIFIER = dev.otaviomoreira.GithubProfilesTests;
				PRODUCT_NAME = "$(TARGET_NAME)";
				STRING_CATALOG_GENERATE_SYMBOLS = NO;
				SWIFT_APPROACHABLE_CONCURRENCY = YES;
				SWIFT_EMIT_LOC_STRINGS = NO;
				SWIFT_UPCOMING_FEATURE_MEMBER_IMPORT_VISIBILITY = YES;
				SWIFT_VERSION = 5.0;
				TARGETED_DEVICE_FAMILY = "1,2";
				TEST_HOST = "$(BUILT_PRODUCTS_DIR)/GithubProfiles.app/$(BUNDLE_EXECUTABLE_FOLDER_PATH)/GithubProfiles";
			};
			name = Debug;
		};
		7ACDF0802F3EAC55002C2968 /* Release */ = {
			isa = XCBuildConfiguration;
			buildSettings = {
				BUNDLE_LOADER = "$(TEST_HOST)";
				CODE_SIGN_STYLE = Automatic;
				CURRENT_PROJECT_VERSION = 1;
				DEVELOPMENT_TEAM = K3VD97R222;
				GENERATE_INFOPLIST_FILE = YES;
				IPHONEOS_DEPLOYMENT_TARGET = 26.2;
				MARKETING_VERSION = 1.0;
				PRODUCT_BUNDLE_IDENTIFIER = dev.otaviomoreira.GithubProfilesTests;
				PRODUCT_NAME = "$(TARGET_NAME)";
				STRING_CATALOG_GENERATE_SYMBOLS = NO;
				SWIFT_APPROACHABLE_CONCURRENCY = YES;
				SWIFT_EMIT_LOC_STRINGS = NO;
				SWIFT_UPCOMING_FEATURE_MEMBER_IMPORT_VISIBILITY = YES;
				SWIFT_VERSION = 5.0;
				TARGETED_DEVICE_FAMILY = "1,2";
				TEST_HOST = "$(BUILT_PRODUCTS_DIR)/GithubProfiles.app/$(BUNDLE_EXECUTABLE_FOLDER_PATH)/GithubProfiles";
			};
			name = Release;
		};
		7ACDF0822F3EAC55002C2968 /* Debug */ = {
			isa = XCBuildConfiguration;
			buildSettings = {
				CODE_SIGN_STYLE = Automatic;
				CURRENT_PROJECT_VERSION = 1;
				DEVELOPMENT_TEAM = K3VD97R222;
				GENERATE_INFOPLIST_FILE = YES;
				MARKETING_VERSION = 1.0;
				PRODUCT_BUNDLE_IDENTIFIER = dev.otaviomoreira.GithubProfilesUITests;
				PRODUCT_NAME = "$(TARGET_NAME)";
				STRING_CATALOG_GENERATE_SYMBOLS = NO;
				SWIFT_APPROACHABLE_CONCURRENCY = YES;
				SWIFT_EMIT_LOC_STRINGS = NO;
				SWIFT_UPCOMING_FEATURE_MEMBER_IMPORT_VISIBILITY = YES;
				SWIFT_VERSION = 5.0;
				TARGETED_DEVICE_FAMILY = "1,2";
				TEST_TARGET_NAME = GithubProfiles;
			};
			name = Debug;
		};
		7ACDF0832F3EAC55002C2968 /* Release */ = {
			isa = XCBuildConfiguration;
			buildSettings = {
				CODE_SIGN_STYLE = Automatic;
				CURRENT_PROJECT_VERSION = 1;
				DEVELOPMENT_TEAM = K3VD97R222;
				GENERATE_INFOPLIST_FILE = YES;
				MARKETING_VERSION = 1.0;
				PRODUCT_BUNDLE_IDENTIFIER = dev.otaviomoreira.GithubProfilesUITests;
				PRODUCT_NAME = "$(TARGET_NAME)";
				STRING_CATALOG_GENERATE_SYMBOLS = NO;
				SWIFT_APPROACHABLE_CONCURRENCY = YES;
				SWIFT_EMIT_LOC_STRINGS = NO;
				SWIFT_UPCOMING_FEATURE_MEMBER_IMPORT_VISIBILITY = YES;
				SWIFT_VERSION = 5.0;
				TARGETED_DEVICE_FAMILY = "1,2";
				TEST_TARGET_NAME = GithubProfiles;
			};
			name = Release;
		};
/* End XCBuildConfiguration section */

/* Begin XCConfigurationList section */
		7ACDF0502F3EAC54002C2968 /* Build configuration list for PBXProject "GithubProfiles" */ = {
			isa = XCConfigurationList;
			buildConfigurations = (
				7ACDF0792F3EAC55002C2968 /* Debug */,
				7ACDF07A2F3EAC55002C2968 /* Release */,
			);
			defaultConfigurationIsVisible = 0;
			defaultConfigurationName = Release;
		};
		7ACDF07B2F3EAC55002C2968 /* Build configuration list for PBXNativeTarget "GithubProfiles" */ = {
			isa = XCConfigurationList;
			buildConfigurations = (
				7ACDF07C2F3EAC55002C2968 /* Debug */,
				7ACDF07D2F3EAC55002C2968 /* Release */,
			);
			defaultConfigurationIsVisible = 0;
			defaultConfigurationName = Release;
		};
		7ACDF07E2F3EAC55002C2968 /* Build configuration list for PBXNativeTarget "GithubProfilesTests" */ = {
			isa = XCConfigurationList;
			buildConfigurations = (
				7ACDF07F2F3EAC55002C2968 /* Debug */,
				7ACDF0802F3EAC55002C2968 /* Release */,
			);
			defaultConfigurationIsVisible = 0;
			defaultConfigurationName = Release;
		};
		7ACDF0812F3EAC55002C2968 /* Build configuration list for PBXNativeTarget "GithubProfilesUITests" */ = {
			isa = XCConfigurationList;
			buildConfigurations = (
				7ACDF0822F3EAC55002C2968 /* Debug */,
				7ACDF0832F3EAC55002C2968 /* Release */,
			);
			defaultConfigurationIsVisible = 0;
			defaultConfigurationName = Release;
		};
/* End XCConfigurationList section */
	};
	rootObject = 7ACDF04D2F3EAC54002C2968 /* Project object */;
}
